
Microsoft Visual Studio Solution File, Format Version 12.00
# Visual Studio 15
VisualStudioVersion = 15.0.27428.2015
MinimumVisualStudioVersion = 10.0.40219.1
Project("{FAE04EC0-301F-11D3-BF4B-00C04F79EFBC}") = "ReportServer.Desktop", "ReportServer.Desktop\ReportServer.Desktop.csproj", "{E8ADC290-6802-456A-B6DB-46C0DADD5273}"
EndProject
Project("{FAE04EC0-301F-11D3-BF4B-00C04F79EFBC}") = "UnitTestProject1", "UnitTestProject1\UnitTestProject1.csproj", "{F30317D2-BD53-4120-8BC4-E091EC208473}"
EndProject
Global
	GlobalSection(SolutionConfigurationPlatforms) = preSolution
		Debug|Any CPU = Debug|Any CPU
		Release|Any CPU = Release|Any CPU
	EndGlobalSection
	GlobalSection(ProjectConfigurationPlatforms) = postSolution
		{E8ADC290-6802-456A-B6DB-46C0DADD5273}.Debug|Any CPU.ActiveCfg = Debug|Any CPU
		{E8ADC290-6802-456A-B6DB-46C0DADD5273}.Debug|Any CPU.Build.0 = Debug|Any CPU
		{E8ADC290-6802-456A-B6DB-46C0DADD5273}.Release|Any CPU.ActiveCfg = Release|Any CPU
		{E8ADC290-6802-456A-B6DB-46C0DADD5273}.Release|Any CPU.Build.0 = Release|Any CPU
		{F30317D2-BD53-4120-8BC4-E091EC208473}.Debug|Any CPU.ActiveCfg = Debug|Any CPU
		{F30317D2-BD53-4120-8BC4-E091EC208473}.Debug|Any CPU.Build.0 = Debug|Any CPU
		{F30317D2-BD53-4120-8BC4-E091EC208473}.Release|Any CPU.ActiveCfg = Release|Any CPU
		{F30317D2-BD53-4120-8BC4-E091EC208473}.Release|Any CPU.Build.0 = Release|Any CPU
	EndGlobalSection
	GlobalSection(SolutionProperties) = preSolution
		HideSolutionNode = FALSE
	EndGlobalSection
	GlobalSection(ExtensibilityGlobals) = postSolution
		SolutionGuid = {1F8E5B79-036A-4041-AA77-5473552EB34F}
	EndGlobalSection
EndGlobal
